
Microsoft Visual Studio Solution File, Format Version 12.00
# Visual Studio Version 16
VisualStudioVersion = 16.0.31112.23
MinimumVisualStudioVersion = 10.0.40219.1
Project("{FAE04EC0-301F-11D3-BF4B-00C04F79EFBC}") = "GuestBookApp", "GuestBookApp\GuestBookApp.csproj", "{531C10E2-86A2-4DB5-9472-8FB2BAC0E3A0}"
EndProject
Global
	GlobalSection(SolutionConfigurationPlatforms) = preSolution
		Debug|Any CPU = Debug|Any CPU
		Release|Any CPU = Release|Any CPU
	EndGlobalSection
	GlobalSection(ProjectConfigurationPlatforms) = postSolution
		{531C10E2-86A2-4DB5-9472-8FB2BAC0E3A0}.Debug|Any CPU.ActiveCfg = Debug|Any CPU
		{531C10E2-86A2-4DB5-9472-8FB2BAC0E3A0}.Debug|Any CPU.Build.0 = Debug|Any CPU
		{531C10E2-86A2-4DB5-9472-8FB2BAC0E3A0}.Release|Any CPU.ActiveCfg = Release|Any CPU
		{531C10E2-86A2-4DB5-9472-8FB2BAC0E3A0}.Release|Any CPU.Build.0 = Release|Any CPU
	EndGlobalSection
	GlobalSection(SolutionProperties) = preSolution
		HideSolutionNode = FALSE
	EndGlobalSection
	GlobalSection(ExtensibilityGlobals) = postSolution
		SolutionGuid = {37C81834-8960-4BBC-A3A9-445D3B63F078}
	EndGlobalSection
EndGlobal
